
Microsoft Visual Studio Solution File, Format Version 12.00
# Visual Studio Version 17
VisualStudioVersion = 17.11.35327.3
MinimumVisualStudioVersion = 10.0.40219.1
Project("{FAE04EC0-301F-11D3-BF4B-00C04F79EFBC}") = "WindowsCleanUP", "WindowsCleanUP.csproj", "{D12B587E-6C51-430C-A36F-23768F32212B}"
EndProject
Global
	GlobalSection(SolutionConfigurationPlatforms) = preSolution
		Debug|Any CPU = Debug|Any CPU
		Release|Any CPU = Release|Any CPU
	EndGlobalSection
	GlobalSection(ProjectConfigurationPlatforms) = postSolution
		{D12B587E-6C51-430C-A36F-23768F32212B}.Debug|Any CPU.ActiveCfg = Debug|Any CPU
		{D12B587E-6C51-430C-A36F-23768F32212B}.Debug|Any CPU.Build.0 = Debug|Any CPU
		{D12B587E-6C51-430C-A36F-23768F32212B}.Release|Any CPU.ActiveCfg = Release|Any CPU
		{D12B587E-6C51-430C-A36F-23768F32212B}.Release|Any CPU.Build.0 = Release|Any CPU
	EndGlobalSection
	GlobalSection(SolutionProperties) = preSolution
		HideSolutionNode = FALSE
	EndGlobalSection
	GlobalSection(ExtensibilityGlobals) = postSolution
		SolutionGuid = {6E4B04D5-E0AF-4DA8-877F-08128E9BF86E}
	EndGlobalSection
EndGlobal
